
Microsoft Visual Studio Solution File, Format Version 12.00
# Visual Studio Version 17
VisualStudioVersion = 17.5.33530.505
MinimumVisualStudioVersion = 10.0.40219.1
Project("{FAE04EC0-301F-11D3-BF4B-00C04F79EFBC}") = "kts-rdb-tool-gui", "kts-rdb-tool-gui\kts-rdb-tool-gui.csproj", "{B138AC7B-C7C2-47B2-B4EC-54694C82CD0B}"
EndProject
Global
	GlobalSection(SolutionConfigurationPlatforms) = preSolution
		Debug|Any CPU = Debug|Any CPU
		Release|Any CPU = Release|Any CPU
	EndGlobalSection
	GlobalSection(ProjectConfigurationPlatforms) = postSolution
		{B138AC7B-C7C2-47B2-B4EC-54694C82CD0B}.Debug|Any CPU.ActiveCfg = Debug|Any CPU
		{B138AC7B-C7C2-47B2-B4EC-54694C82CD0B}.Debug|Any CPU.Build.0 = Debug|Any CPU
		{B138AC7B-C7C2-47B2-B4EC-54694C82CD0B}.Release|Any CPU.ActiveCfg = Release|Any CPU
		{B138AC7B-C7C2-47B2-B4EC-54694C82CD0B}.Release|Any CPU.Build.0 = Release|Any CPU
	EndGlobalSection
	GlobalSection(SolutionProperties) = preSolution
		HideSolutionNode = FALSE
	EndGlobalSection
	GlobalSection(ExtensibilityGlobals) = postSolution
		SolutionGuid = {328C07C5-C1BE-4102-8654-5E6AB4B2596C}
	EndGlobalSection
EndGlobal
